
Microsoft Visual Studio Solution File, Format Version 12.00
# Visual Studio Version 16
VisualStudioVersion = 16.0.29613.14
MinimumVisualStudioVersion = 10.0.40219.1
Project("{FAE04EC0-301F-11D3-BF4B-00C04F79EFBC}") = "AZ SERVER", "AZ SERVER\AZ SERVER.csproj", "{0C312D86-BCAE-43CD-A877-838DB3E6418F}"
EndProject
Global
	GlobalSection(SolutionConfigurationPlatforms) = preSolution
		Debug|Any CPU = Debug|Any CPU
		Release|Any CPU = Release|Any CPU
	EndGlobalSection
	GlobalSection(ProjectConfigurationPlatforms) = postSolution
		{0C312D86-BCAE-43CD-A877-838DB3E6418F}.Debug|Any CPU.ActiveCfg = Debug|Any CPU
		{0C312D86-BCAE-43CD-A877-838DB3E6418F}.Debug|Any CPU.Build.0 = Debug|Any CPU
		{0C312D86-BCAE-43CD-A877-838DB3E6418F}.Release|Any CPU.ActiveCfg = Release|Any CPU
		{0C312D86-BCAE-43CD-A877-838DB3E6418F}.Release|Any CPU.Build.0 = Release|Any CPU
	EndGlobalSection
	GlobalSection(SolutionProperties) = preSolution
		HideSolutionNode = FALSE
	EndGlobalSection
	GlobalSection(ExtensibilityGlobals) = postSolution
		SolutionGuid = {7F950844-D138-4EA3-891D-1D17A983C1DD}
	EndGlobalSection
EndGlobal
